<?xml version="1.0" encoding="utf-8"?>
<Project ToolsVersion="4.0" xmlns="http://schemas.microsoft.com/developer/msbuild/2003">
  <ItemGroup>
    <Filter Include="Objects">
      <UniqueIdentifier>{5d34c417-d91e-43d5-870a-d093f4562d1e}</UniqueIdentifier>
    </Filter>
    <Filter Include="Scenes">
      <UniqueIdentifier>{6762e5f3-9cd4-4502-8b7d-34a0fb73a53a}</UniqueIdentifier>
    </Filter>
    <Filter Include="Utils">
      <UniqueIdentifier>{c0b30cb6-2842-4ee8-8d93-f19c0709dcf6}</UniqueIdentifier>
    </Filter>
  </ItemGroup>
  <ItemGroup>
    <ClCompile Include="src\main.cpp" />
    <ClCompile Include="src\ship.cpp">
      <Filter>Objects</Filter>
    </ClCompile>
    <ClCompile Include="src\asteroid.cpp">
      <Filter>Objects</Filter>
    </ClCompile>
    <ClCompile Include="src\gameplay.cpp">
      <Filter>Scenes</Filter>
    </ClCompile>
  </ItemGroup>
  <ItemGroup>
    <ClInclude Include="src\ship.h">
      <Filter>Objects</Filter>
    </ClInclude>
    <ClInclude Include="src\asteroid.h">
      <Filter>Objects</Filter>
    </ClInclude>
    <ClInclude Include="src\constants.h">
      <Filter>Utils</Filter>
    </ClInclude>
    <ClInclude Include="src\gameplay.h">
      <Filter>Scenes</Filter>
    </ClInclude>
  </ItemGroup>
</Project>