<?xml version="1.0" encoding="utf-8"?>
<Project ToolsVersion="4.0" xmlns="http://schemas.microsoft.com/developer/msbuild/2003">
  <ItemGroup>
    <ClCompile Include="src\main.cpp" />
    <ClCompile Include="src\Objects\bullet.cpp">
      <Filter>Objects</Filter>
    </ClCompile>
    <ClCompile Include="src\Objects\button.cpp">
      <Filter>Objects</Filter>
    </ClCompile>
    <ClCompile Include="src\Objects\game.cpp">
      <Filter>Objects</Filter>
    </ClCompile>
    <ClCompile Include="src\Objects\planet.cpp">
      <Filter>Objects</Filter>
    </ClCompile>
    <ClCompile Include="src\Objects\ship.cpp">
      <Filter>Objects</Filter>
    </ClCompile>
    <ClCompile Include="src\Objects\text.cpp">
      <Filter>Objects</Filter>
    </ClCompile>
    <ClCompile Include="src\Scenes\credits_scene.cpp">
      <Filter>Scenes</Filter>
    </ClCompile>
    <ClCompile Include="src\Scenes\gameplay_scene.cpp">
      <Filter>Scenes</Filter>
    </ClCompile>
    <ClCompile Include="src\Scenes\menu_scene.cpp">
      <Filter>Scenes</Filter>
    </ClCompile>
    <ClCompile Include="src\Scenes\pause_menu.cpp">
      <Filter>Scenes</Filter>
    </ClCompile>
    <ClCompile Include="src\Scenes\result_scene.cpp">
      <Filter>Scenes</Filter>
    </ClCompile>
    <ClCompile Include="src\Scenes\how2play_scene.cpp">
      <Filter>Scenes</Filter>
    </ClCompile>
    <ClCompile Include="src\Utils\audio_manager.cpp">
      <Filter>Utils</Filter>
    </ClCompile>
    <ClCompile Include="src\Utils\calculations.cpp">
      <Filter>Utils</Filter>
    </ClCompile>
    <ClCompile Include="src\Utils\scene_manager.cpp">
      <Filter>Utils</Filter>
    </ClCompile>
  </ItemGroup>
  <ItemGroup>
    <Filter Include="Objects">
      <UniqueIdentifier>{24addf8b-75ee-43a8-9423-1775e3f915eb}</UniqueIdentifier>
    </Filter>
    <Filter Include="Scenes">
      <UniqueIdentifier>{824fc8bf-6a38-4fc8-94f7-289a107b6115}</UniqueIdentifier>
    </Filter>
    <Filter Include="Utils">
      <UniqueIdentifier>{f70614ac-8921-455d-bbf1-bbebccb95a47}</UniqueIdentifier>
    </Filter>
  </ItemGroup>
  <ItemGroup>
    <ClInclude Include="src\Objects\bullet.h">
      <Filter>Objects</Filter>
    </ClInclude>
    <ClInclude Include="src\Objects\button.h">
      <Filter>Objects</Filter>
    </ClInclude>
    <ClInclude Include="src\Objects\game.h">
      <Filter>Objects</Filter>
    </ClInclude>
    <ClInclude Include="src\Objects\planet.h">
      <Filter>Objects</Filter>
    </ClInclude>
    <ClInclude Include="src\Objects\ship.h">
      <Filter>Objects</Filter>
    </ClInclude>
    <ClInclude Include="src\Objects\text.h">
      <Filter>Objects</Filter>
    </ClInclude>
    <ClInclude Include="src\Scenes\credits_scene.h">
      <Filter>Scenes</Filter>
    </ClInclude>
    <ClInclude Include="src\Scenes\gameplay_scene.h">
      <Filter>Scenes</Filter>
    </ClInclude>
    <ClInclude Include="src\Scenes\menu_scene.h">
      <Filter>Scenes</Filter>
    </ClInclude>
    <ClInclude Include="src\Scenes\pause_menu.h">
      <Filter>Scenes</Filter>
    </ClInclude>
    <ClInclude Include="src\Scenes\result_scene.h">
      <Filter>Scenes</Filter>
    </ClInclude>
    <ClInclude Include="src\Scenes\how2play_scene.h">
      <Filter>Scenes</Filter>
    </ClInclude>
    <ClInclude Include="src\Utils\audio_manager.h">
      <Filter>Utils</Filter>
    </ClInclude>
    <ClInclude Include="src\Utils\calculations.h">
      <Filter>Utils</Filter>
    </ClInclude>
    <ClInclude Include="src\Utils\scene_manager.h">
      <Filter>Utils</Filter>
    </ClInclude>
    <ClInclude Include="src\Utils\screen_info.h">
      <Filter>Utils</Filter>
    </ClInclude>
    <ClInclude Include="src\Utils\texture_manager.h">
      <Filter>Utils</Filter>
    </ClInclude>
  </ItemGroup>
</Project>